{
    "version": 3,
    "terraform_version": "0.11.1",
    "serial": 6,
    "lineage": "71169841-7082-4edf-bbd6-56bbe42f3f03",
    "modules": [
        {
            "path": [
                "root"
            ],
            "outputs": {},
            "resources": {
                "aws_instance.example": {
                    "type": "aws_instance",
                    "depends_on": [
                        "aws_key_pair.key",
                        "aws_security_group.allow-ssh",
                        "aws_subnet.public-1"
                    ],
                    "primary": {
                        "id": "i-0358b39e0f103c120",
                        "attributes": {
                            "ami": "ami-13be557e",
                            "associate_public_ip_address": "true",
                            "availability_zone": "us-east-1a",
                            "credit_specification.#": "1",
                            "credit_specification.0.cpu_credits": "standard",
                            "disable_api_termination": "false",
                            "ebs_block_device.#": "0",
                            "ebs_optimized": "false",
                            "ephemeral_block_device.#": "0",
                            "get_password_data": "false",
                            "iam_instance_profile": "",
                            "id": "i-0358b39e0f103c120",
                            "instance_state": "running",
                            "instance_type": "t2.micro",
                            "ipv6_addresses.#": "0",
                            "key_name": "key-prod",
                            "monitoring": "false",
                            "network_interface.#": "0",
                            "network_interface_id": "eni-ac139037",
                            "password_data": "",
                            "placement_group": "",
                            "primary_network_interface_id": "eni-ac139037",
                            "private_dns": "ip-10-0-1-186.ec2.internal",
                            "private_ip": "10.0.1.186",
                            "public_dns": "ec2-34-228-192-184.compute-1.amazonaws.com",
                            "public_ip": "34.228.192.184",
                            "root_block_device.#": "1",
                            "root_block_device.0.delete_on_termination": "true",
                            "root_block_device.0.iops": "100",
                            "root_block_device.0.volume_id": "vol-0993c579c3d51eb3f",
                            "root_block_device.0.volume_size": "8",
                            "root_block_device.0.volume_type": "gp2",
                            "security_groups.#": "0",
                            "source_dest_check": "true",
                            "subnet_id": "subnet-fa5899a6",
                            "tags.%": "1",
                            "tags.Name": "server1-prod",
                            "tenancy": "default",
                            "volume_tags.%": "0",
                            "vpc_security_group_ids.#": "1",
                            "vpc_security_group_ids.2847459012": "sg-240d736c"
                        },
                        "meta": {
                            "e2bfb730-ecaa-11e6-8f88-34363bc7c4c0": {
                                "create": 600000000000,
                                "delete": 1200000000000,
                                "update": 600000000000
                            },
                            "schema_version": "1"
                        },
                        "tainted": false
                    },
                    "deposed": [],
                    "provider": "provider.aws"
                },
                "aws_internet_gateway.gw": {
                    "type": "aws_internet_gateway",
                    "depends_on": [
                        "aws_vpc.vpc"
                    ],
                    "primary": {
                        "id": "igw-999adbe1",
                        "attributes": {
                            "id": "igw-999adbe1",
                            "tags.%": "1",
                            "tags.Name": "gw-prod",
                            "vpc_id": "vpc-dd6b51a6"
                        },
                        "meta": {},
                        "tainted": false
                    },
                    "deposed": [],
                    "provider": "provider.aws"
                },
                "aws_key_pair.key": {
                    "type": "aws_key_pair",
                    "depends_on": [],
                    "primary": {
                        "id": "key-prod",
                        "attributes": {
                            "id": "key-prod",
                            "key_name": "key-prod",
                            "public_key": "ssh-rsa AAAAB3NzaC1yc2EAAAADAQABAAABAQCp9I1S9XQ9ABbJ6tgb6IIDOyWbwgPn790eWv81RlXc6wr9W76e8OIUvoDPHOlSNFWFcTJys5EbAoy9dhi4EKNnbbZB8UqfzhmN/z9b4/kOLNpXjiWxoCXRRhPXmf0Vcod8od0bofmfedCvIuckvKtY2WD+sFVb9RdP8uEpW0+kK4m9aH/aTgkT3LOq11qYuGQgHjQEU0cyGDvvuYNHRHEqVo7+Y9u9GIZgyqQUX6G/+1tka/3BUirQsD+3d4YLWfqJgO0kLEPAY/rR1wb9g4iqmY85GZqDt+tG7wdjRlR58VFWCFEmngbJizuwVXfoYP3dCx7v4cUJiGAoam/uV+2F vagrant@ubuntu-xenial"
                        },
                        "meta": {
                            "schema_version": "1"
                        },
                        "tainted": false
                    },
                    "deposed": [],
                    "provider": "provider.aws"
                },
                "aws_route_table.public": {
                    "type": "aws_route_table",
                    "depends_on": [
                        "aws_internet_gateway.gw",
                        "aws_vpc.vpc"
                    ],
                    "primary": {
                        "id": "rtb-d0977caf",
                        "attributes": {
                            "id": "rtb-d0977caf",
                            "propagating_vgws.#": "0",
                            "route.#": "1",
                            "route.992030853.cidr_block": "0.0.0.0/0",
                            "route.992030853.egress_only_gateway_id": "",
                            "route.992030853.gateway_id": "igw-999adbe1",
                            "route.992030853.instance_id": "",
                            "route.992030853.ipv6_cidr_block": "",
                            "route.992030853.nat_gateway_id": "",
                            "route.992030853.network_interface_id": "",
                            "route.992030853.vpc_peering_connection_id": "",
                            "tags.%": "1",
                            "tags.Name": "public-1-prod",
                            "vpc_id": "vpc-dd6b51a6"
                        },
                        "meta": {},
                        "tainted": false
                    },
                    "deposed": [],
                    "provider": "provider.aws"
                },
                "aws_route_table_association.public-1-a": {
                    "type": "aws_route_table_association",
                    "depends_on": [
                        "aws_route_table.public",
                        "aws_subnet.public-1"
                    ],
                    "primary": {
                        "id": "rtbassoc-19193e66",
                        "attributes": {
                            "id": "rtbassoc-19193e66",
                            "route_table_id": "rtb-d0977caf",
                            "subnet_id": "subnet-fa5899a6"
                        },
                        "meta": {},
                        "tainted": false
                    },
                    "deposed": [],
                    "provider": "provider.aws"
                },
                "aws_route_table_association.public-2-a": {
                    "type": "aws_route_table_association",
                    "depends_on": [
                        "aws_route_table.public",
                        "aws_subnet.public-2"
                    ],
                    "primary": {
                        "id": "rtbassoc-01e4c37e",
                        "attributes": {
                            "id": "rtbassoc-01e4c37e",
                            "route_table_id": "rtb-d0977caf",
                            "subnet_id": "subnet-1d4a837a"
                        },
                        "meta": {},
                        "tainted": false
                    },
                    "deposed": [],
                    "provider": "provider.aws"
                },
                "aws_route_table_association.public-3-a": {
                    "type": "aws_route_table_association",
                    "depends_on": [
                        "aws_route_table.public",
                        "aws_subnet.public-3"
                    ],
                    "primary": {
                        "id": "rtbassoc-53e1c62c",
                        "attributes": {
                            "id": "rtbassoc-53e1c62c",
                            "route_table_id": "rtb-d0977caf",
                            "subnet_id": "subnet-b7844699"
                        },
                        "meta": {},
                        "tainted": false
                    },
                    "deposed": [],
                    "provider": "provider.aws"
                },
                "aws_security_group.allow-ssh": {
                    "type": "aws_security_group",
                    "depends_on": [
                        "aws_vpc.vpc"
                    ],
                    "primary": {
                        "id": "sg-240d736c",
                        "attributes": {
                            "arn": "arn:aws:ec2:us-east-1:642371309064:security-group/sg-240d736c",
                            "description": "security group that allows ssh and all egress traffic",
                            "egress.#": "1",
                            "egress.482069346.cidr_blocks.#": "1",
                            "egress.482069346.cidr_blocks.0": "0.0.0.0/0",
                            "egress.482069346.description": "",
                            "egress.482069346.from_port": "0",
                            "egress.482069346.ipv6_cidr_blocks.#": "0",
                            "egress.482069346.prefix_list_ids.#": "0",
                            "egress.482069346.protocol": "-1",
                            "egress.482069346.security_groups.#": "0",
                            "egress.482069346.self": "false",
                            "egress.482069346.to_port": "0",
                            "id": "sg-240d736c",
                            "ingress.#": "1",
                            "ingress.2541437006.cidr_blocks.#": "1",
                            "ingress.2541437006.cidr_blocks.0": "0.0.0.0/0",
                            "ingress.2541437006.description": "",
                            "ingress.2541437006.from_port": "22",
                            "ingress.2541437006.ipv6_cidr_blocks.#": "0",
                            "ingress.2541437006.protocol": "tcp",
                            "ingress.2541437006.security_groups.#": "0",
                            "ingress.2541437006.self": "false",
                            "ingress.2541437006.to_port": "22",
                            "name": "allow-ssh",
                            "owner_id": "642371309064",
                            "revoke_rules_on_delete": "false",
                            "tags.%": "1",
                            "tags.Name": "allow-ssh",
                            "vpc_id": "vpc-dd6b51a6"
                        },
                        "meta": {
                            "e2bfb730-ecaa-11e6-8f88-34363bc7c4c0": {
                                "create": 600000000000,
                                "delete": 600000000000
                            },
                            "schema_version": "1"
                        },
                        "tainted": false
                    },
                    "deposed": [],
                    "provider": "provider.aws"
                },
                "aws_subnet.private-1": {
                    "type": "aws_subnet",
                    "depends_on": [
                        "aws_vpc.vpc"
                    ],
                    "primary": {
                        "id": "subnet-0e519052",
                        "attributes": {
                            "assign_ipv6_address_on_creation": "false",
                            "availability_zone": "us-east-1a",
                            "cidr_block": "10.0.4.0/24",
                            "id": "subnet-0e519052",
                            "map_public_ip_on_launch": "false",
                            "tags.%": "1",
                            "tags.Name": "private-1-prod",
                            "vpc_id": "vpc-dd6b51a6"
                        },
                        "meta": {
                            "schema_version": "1"
                        },
                        "tainted": false
                    },
                    "deposed": [],
                    "provider": "provider.aws"
                },
                "aws_subnet.private-2": {
                    "type": "aws_subnet",
                    "depends_on": [
                        "aws_vpc.vpc"
                    ],
                    "primary": {
                        "id": "subnet-764c8511",
                        "attributes": {
                            "assign_ipv6_address_on_creation": "false",
                            "availability_zone": "us-east-1b",
                            "cidr_block": "10.0.5.0/24",
                            "id": "subnet-764c8511",
                            "map_public_ip_on_launch": "false",
                            "tags.%": "1",
                            "tags.Name": "private-2-prod",
                            "vpc_id": "vpc-dd6b51a6"
                        },
                        "meta": {
                            "schema_version": "1"
                        },
                        "tainted": false
                    },
                    "deposed": [],
                    "provider": "provider.aws"
                },
                "aws_subnet.private-3": {
                    "type": "aws_subnet",
                    "depends_on": [
                        "aws_vpc.vpc"
                    ],
                    "primary": {
                        "id": "subnet-707fbc5e",
                        "attributes": {
                            "assign_ipv6_address_on_creation": "false",
                            "availability_zone": "us-east-1c",
                            "cidr_block": "10.0.6.0/24",
                            "id": "subnet-707fbc5e",
                            "map_public_ip_on_launch": "false",
                            "tags.%": "1",
                            "tags.Name": "private-3-prod",
                            "vpc_id": "vpc-dd6b51a6"
                        },
                        "meta": {
                            "schema_version": "1"
                        },
                        "tainted": false
                    },
                    "deposed": [],
                    "provider": "provider.aws"
                },
                "aws_subnet.public-1": {
                    "type": "aws_subnet",
                    "depends_on": [
                        "aws_vpc.vpc"
                    ],
                    "primary": {
                        "id": "subnet-fa5899a6",
                        "attributes": {
                            "assign_ipv6_address_on_creation": "false",
                            "availability_zone": "us-east-1a",
                            "cidr_block": "10.0.1.0/24",
                            "id": "subnet-fa5899a6",
                            "map_public_ip_on_launch": "true",
                            "tags.%": "1",
                            "tags.Name": "public-1-prod",
                            "vpc_id": "vpc-dd6b51a6"
                        },
                        "meta": {
                            "schema_version": "1"
                        },
                        "tainted": false
                    },
                    "deposed": [],
                    "provider": "provider.aws"
                },
                "aws_subnet.public-2": {
                    "type": "aws_subnet",
                    "depends_on": [
                        "aws_vpc.vpc"
                    ],
                    "primary": {
                        "id": "subnet-1d4a837a",
                        "attributes": {
                            "assign_ipv6_address_on_creation": "false",
                            "availability_zone": "us-east-1b",
                            "cidr_block": "10.0.2.0/24",
                            "id": "subnet-1d4a837a",
                            "map_public_ip_on_launch": "true",
                            "tags.%": "1",
                            "tags.Name": "public-2-prod",
                            "vpc_id": "vpc-dd6b51a6"
                        },
                        "meta": {
                            "schema_version": "1"
                        },
                        "tainted": false
                    },
                    "deposed": [],
                    "provider": "provider.aws"
                },
                "aws_subnet.public-3": {
                    "type": "aws_subnet",
                    "depends_on": [
                        "aws_vpc.vpc"
                    ],
                    "primary": {
                        "id": "subnet-b7844699",
                        "attributes": {
                            "assign_ipv6_address_on_creation": "false",
                            "availability_zone": "us-east-1c",
                            "cidr_block": "10.0.3.0/24",
                            "id": "subnet-b7844699",
                            "map_public_ip_on_launch": "true",
                            "tags.%": "1",
                            "tags.Name": "public-3-prod",
                            "vpc_id": "vpc-dd6b51a6"
                        },
                        "meta": {
                            "schema_version": "1"
                        },
                        "tainted": false
                    },
                    "deposed": [],
                    "provider": "provider.aws"
                },
                "aws_vpc.vpc": {
                    "type": "aws_vpc",
                    "depends_on": [],
                    "primary": {
                        "id": "vpc-dd6b51a6",
                        "attributes": {
                            "assign_generated_ipv6_cidr_block": "false",
                            "cidr_block": "10.0.0.0/16",
                            "default_network_acl_id": "acl-4fdb4135",
                            "default_route_table_id": "rtb-c2947fbd",
                            "default_security_group_id": "sg-aa057be2",
                            "dhcp_options_id": "dopt-a3c611da",
                            "enable_classiclink": "false",
                            "enable_classiclink_dns_support": "false",
                            "enable_dns_hostnames": "true",
                            "enable_dns_support": "true",
                            "id": "vpc-dd6b51a6",
                            "instance_tenancy": "default",
                            "main_route_table_id": "rtb-c2947fbd",
                            "tags.%": "1",
                            "tags.Name": "vpc - prod"
                        },
                        "meta": {
                            "schema_version": "1"
                        },
                        "tainted": false
                    },
                    "deposed": [],
                    "provider": "provider.aws"
                }
            },
            "depends_on": []
        }
    ]
}
